
Microsoft Visual Studio Solution File, Format Version 12.00
# Visual Studio Version 16
VisualStudioVersion = 16.0.31515.178
MinimumVisualStudioVersion = 10.0.40219.1
Project("{FAE04EC0-301F-11D3-BF4B-00C04F79EFBC}") = "StoreDataManager", "StoreDataManager\StoreDataManager.csproj", "{2B598780-33B0-43E4-84A0-C2166DF4C07D}"
EndProject
Project("{00D1A9C2-B5F0-4AF3-8072-F6C62B433612}") = "StoreData", "StoreData\StoreData.sqlproj", "{825208B6-C58D-4D37-9194-F2B91AF928C8}"
EndProject
Global
	GlobalSection(SolutionConfigurationPlatforms) = preSolution
		Debug|Any CPU = Debug|Any CPU
		Release|Any CPU = Release|Any CPU
	EndGlobalSection
	GlobalSection(ProjectConfigurationPlatforms) = postSolution
		{2B598780-33B0-43E4-84A0-C2166DF4C07D}.Debug|Any CPU.ActiveCfg = Debug|Any CPU
		{2B598780-33B0-43E4-84A0-C2166DF4C07D}.Debug|Any CPU.Build.0 = Debug|Any CPU
		{2B598780-33B0-43E4-84A0-C2166DF4C07D}.Release|Any CPU.ActiveCfg = Release|Any CPU
		{2B598780-33B0-43E4-84A0-C2166DF4C07D}.Release|Any CPU.Build.0 = Release|Any CPU
		{825208B6-C58D-4D37-9194-F2B91AF928C8}.Debug|Any CPU.ActiveCfg = Debug|Any CPU
		{825208B6-C58D-4D37-9194-F2B91AF928C8}.Debug|Any CPU.Build.0 = Debug|Any CPU
		{825208B6-C58D-4D37-9194-F2B91AF928C8}.Debug|Any CPU.Deploy.0 = Debug|Any CPU
		{825208B6-C58D-4D37-9194-F2B91AF928C8}.Release|Any CPU.ActiveCfg = Release|Any CPU
		{825208B6-C58D-4D37-9194-F2B91AF928C8}.Release|Any CPU.Build.0 = Release|Any CPU
		{825208B6-C58D-4D37-9194-F2B91AF928C8}.Release|Any CPU.Deploy.0 = Release|Any CPU
	EndGlobalSection
	GlobalSection(SolutionProperties) = preSolution
		HideSolutionNode = FALSE
	EndGlobalSection
	GlobalSection(ExtensibilityGlobals) = postSolution
		SolutionGuid = {D523B21C-B3EA-4307-9167-23C00CDF6D81}
	EndGlobalSection
EndGlobal
